
Microsoft Visual Studio Solution File, Format Version 12.00
# Visual Studio Version 17
VisualStudioVersion = 17.0.32014.148
MinimumVisualStudioVersion = 10.0.40219.1
Project("{FAE04EC0-301F-11D3-BF4B-00C04F79EFBC}") = "AgentApi", "AgentApi.csproj", "{AB644B64-9147-4583-88DB-D1AF5021E533}"
EndProject
Global
	GlobalSection(SolutionConfigurationPlatforms) = preSolution
		Debug|Any CPU = Debug|Any CPU
		Release|Any CPU = Release|Any CPU
	EndGlobalSection
	GlobalSection(ProjectConfigurationPlatforms) = postSolution
		{AB644B64-9147-4583-88DB-D1AF5021E533}.Debug|Any CPU.ActiveCfg = Debug|Any CPU
		{AB644B64-9147-4583-88DB-D1AF5021E533}.Debug|Any CPU.Build.0 = Debug|Any CPU
		{AB644B64-9147-4583-88DB-D1AF5021E533}.Release|Any CPU.ActiveCfg = Release|Any CPU
		{AB644B64-9147-4583-88DB-D1AF5021E533}.Release|Any CPU.Build.0 = Release|Any CPU
	EndGlobalSection
	GlobalSection(SolutionProperties) = preSolution
		HideSolutionNode = FALSE
	EndGlobalSection
	GlobalSection(ExtensibilityGlobals) = postSolution
		SolutionGuid = {BEBA63CD-4241-40E7-A579-94F3D8E0CE31}
	EndGlobalSection
EndGlobal
